[{<<"jsone">>,
  {git,"https://github.com/sile/jsone.git",
       {ref,"331b4a7b66cc9dc7c16ac067cf8a8297e0e669d8"}},
  0},
 {<<"jsonrpc2">>,
  {git,"https://github.com/ts-klassen/jsonrpc2-erlang.git",
       {ref,"5554608a8a8eea0c85dc84d008264e50efa9e574"}},
  0},
 {<<"klsn">>,
  {git,"https://github.com/ts-klassen/klsn.git",
       {ref,"2119ab3787b4425ce196bc701d9905ad2a07839c"}},
  0}].
